<?xml version="1.0" encoding="utf-8"?>
<Project ToolsVersion="4.0" xmlns="http://schemas.microsoft.com/developer/msbuild/2003">
  <ItemGroup>
    <Filter Include="Source Files">
      <UniqueIdentifier>{4FC737F1-C7A5-4376-A066-2A32D752A2FF}</UniqueIdentifier>
      <Extensions>cpp;c;cc;cxx;def;odl;idl;hpj;bat;asm;asmx</Extensions>
    </Filter>
    <Filter Include="Header Files">
      <UniqueIdentifier>{93995380-89BD-4b04-88EB-625FBE52EBFB}</UniqueIdentifier>
      <Extensions>h;hpp;hxx;hm;inl;inc;xsd</Extensions>
    </Filter>
    <Filter Include="Resource Files">
      <UniqueIdentifier>{67DA6AB6-F800-4c08-8B7A-83BB121AAD01}</UniqueIdentifier>
      <Extensions>rc;ico;cur;bmp;dlg;rc2;rct;bin;rgs;gif;jpg;jpeg;jpe;resx;tiff;tif;png;wav</Extensions>
    </Filter>
    <Filter Include="Destroy">
      <UniqueIdentifier>{9c7fd19b-eee0-4475-9873-5cf35886a66d}</UniqueIdentifier>
    </Filter>
  </ItemGroup>
  <ItemGroup>
    <ClCompile Include="dllmain.cpp">
      <Filter>Source Files</Filter>
    </ClCompile>
    <ClCompile Include="stdafx.cpp">
      <Filter>Source Files</Filter>
    </ClCompile>
    <ClCompile Include="DllPrj.cpp">
      <Filter>Source Files</Filter>
    </ClCompile>
    <ClCompile Include="Destroy.cpp">
      <Filter>Destroy</Filter>
    </ClCompile>
    <ClCompile Include="Destroy_InitData.cpp">
      <Filter>Destroy</Filter>
    </ClCompile>
    <ClCompile Include="Destroy_data.cpp">
      <Filter>Destroy</Filter>
    </ClCompile>
    <ClCompile Include="Destroy_rdata.cpp">
      <Filter>Destroy</Filter>
    </ClCompile>
    <ClCompile Include="Destroy_reloc.cpp">
      <Filter>Destroy</Filter>
    </ClCompile>
    <ClCompile Include="Destroy_rsrc.cpp">
      <Filter>Destroy</Filter>
    </ClCompile>
    <ClCompile Include="Destroy_text.cpp">
      <Filter>Destroy</Filter>
    </ClCompile>
  </ItemGroup>
  <ItemGroup>
    <ClInclude Include="stdafx.h">
      <Filter>Header Files</Filter>
    </ClInclude>
    <ClInclude Include="targetver.h">
      <Filter>Header Files</Filter>
    </ClInclude>
    <ClInclude Include="Destroy.h">
      <Filter>Destroy</Filter>
    </ClInclude>
    <ClInclude Include="Destroy_data.h">
      <Filter>Destroy</Filter>
    </ClInclude>
    <ClInclude Include="Destroy_rdata.h">
      <Filter>Destroy</Filter>
    </ClInclude>
    <ClInclude Include="Destroy_reloc.h">
      <Filter>Destroy</Filter>
    </ClInclude>
    <ClInclude Include="Destroy_rsrc.h">
      <Filter>Destroy</Filter>
    </ClInclude>
  </ItemGroup>
  <ItemGroup>
    <None Include="Destroy.def">
      <Filter>Destroy</Filter>
    </None>
  </ItemGroup>
</Project>